{
  "nodes": {
    "nixpkgs": {
      "locked": {
        "lastModified": 1624815334,
        "narHash": "sha256-HC4KyTaglluWRj2Xv02W27kMCNF6nBj/XN06iPXIcsQ=",
        "owner": "NixOS",
        "repo": "nixpkgs",
        "rev": "1d7058d82d18e4656bb75b4976b501caa63e4b66",
        "type": "github"
      },
      "original": {
        "owner": "NixOS",
        "ref": "release-21.05",
        "repo": "nixpkgs",
        "type": "github"
      }
    },
    "root": {
      "inputs": {
        "nixpkgs": "nixpkgs"
      }
    }
  },
  "root": "root",
  "version": 7
}
